
Microsoft Visual Studio Solution File, Format Version 12.00
# Visual Studio Version 16
VisualStudioVersion = 16.0.29519.181
MinimumVisualStudioVersion = 10.0.40219.1
Project("{9A19103F-16F7-4668-BE54-9A1E7A4F7556}") = "DG.Polly.Api", "DG.Polly.Api\DG.Polly.Api.csproj", "{A921887B-7D27-428F-BE88-935C1845A99F}"
EndProject
Project("{9A19103F-16F7-4668-BE54-9A1E7A4F7556}") = "DG.Polly.Business", "DG.Polly.Business\DG.Polly.Business.csproj", "{8EFDD2A5-A941-4AE5-B98E-C769BC52C8F6}"
EndProject
Project("{9A19103F-16F7-4668-BE54-9A1E7A4F7556}") = "DG.Polly.Business.Tests", "DG.Polly.Business.Tests\DG.Polly.Business.Tests.csproj", "{86208447-F639-4F54-AF4C-D4C1388A91FB}"
EndProject
Project("{FAE04EC0-301F-11D3-BF4B-00C04F79EFBC}") = "DG.Polly.Domain", "DG.Polly.Domain\DG.Polly.Domain.csproj", "{B0B4B86B-B656-4F12-91AD-C5C6E5B2A961}"
EndProject
Project("{FAE04EC0-301F-11D3-BF4B-00C04F79EFBC}") = "DG.Polly.Contracts", "DG.Polly.Contracts\DG.Polly.Contracts.csproj", "{93AF3B32-969E-4670-AA6E-5AE31382F69F}"
EndProject
Global
	GlobalSection(SolutionConfigurationPlatforms) = preSolution
		Debug|Any CPU = Debug|Any CPU
		Release|Any CPU = Release|Any CPU
	EndGlobalSection
	GlobalSection(ProjectConfigurationPlatforms) = postSolution
		{A921887B-7D27-428F-BE88-935C1845A99F}.Debug|Any CPU.ActiveCfg = Debug|Any CPU
		{A921887B-7D27-428F-BE88-935C1845A99F}.Debug|Any CPU.Build.0 = Debug|Any CPU
		{A921887B-7D27-428F-BE88-935C1845A99F}.Release|Any CPU.ActiveCfg = Release|Any CPU
		{A921887B-7D27-428F-BE88-935C1845A99F}.Release|Any CPU.Build.0 = Release|Any CPU
		{8EFDD2A5-A941-4AE5-B98E-C769BC52C8F6}.Debug|Any CPU.ActiveCfg = Debug|Any CPU
		{8EFDD2A5-A941-4AE5-B98E-C769BC52C8F6}.Debug|Any CPU.Build.0 = Debug|Any CPU
		{8EFDD2A5-A941-4AE5-B98E-C769BC52C8F6}.Release|Any CPU.ActiveCfg = Release|Any CPU
		{8EFDD2A5-A941-4AE5-B98E-C769BC52C8F6}.Release|Any CPU.Build.0 = Release|Any CPU
		{86208447-F639-4F54-AF4C-D4C1388A91FB}.Debug|Any CPU.ActiveCfg = Debug|Any CPU
		{86208447-F639-4F54-AF4C-D4C1388A91FB}.Debug|Any CPU.Build.0 = Debug|Any CPU
		{86208447-F639-4F54-AF4C-D4C1388A91FB}.Release|Any CPU.ActiveCfg = Release|Any CPU
		{86208447-F639-4F54-AF4C-D4C1388A91FB}.Release|Any CPU.Build.0 = Release|Any CPU
		{B0B4B86B-B656-4F12-91AD-C5C6E5B2A961}.Debug|Any CPU.ActiveCfg = Debug|Any CPU
		{B0B4B86B-B656-4F12-91AD-C5C6E5B2A961}.Debug|Any CPU.Build.0 = Debug|Any CPU
		{B0B4B86B-B656-4F12-91AD-C5C6E5B2A961}.Release|Any CPU.ActiveCfg = Release|Any CPU
		{B0B4B86B-B656-4F12-91AD-C5C6E5B2A961}.Release|Any CPU.Build.0 = Release|Any CPU
		{93AF3B32-969E-4670-AA6E-5AE31382F69F}.Debug|Any CPU.ActiveCfg = Debug|Any CPU
		{93AF3B32-969E-4670-AA6E-5AE31382F69F}.Debug|Any CPU.Build.0 = Debug|Any CPU
		{93AF3B32-969E-4670-AA6E-5AE31382F69F}.Release|Any CPU.ActiveCfg = Release|Any CPU
		{93AF3B32-969E-4670-AA6E-5AE31382F69F}.Release|Any CPU.Build.0 = Release|Any CPU
	EndGlobalSection
	GlobalSection(SolutionProperties) = preSolution
		HideSolutionNode = FALSE
	EndGlobalSection
	GlobalSection(ExtensibilityGlobals) = postSolution
		SolutionGuid = {FCFF237A-6340-44B8-8079-258A7C145F45}
	EndGlobalSection
EndGlobal
